
Microsoft Visual Studio Solution File, Format Version 12.00
# Visual Studio 15
VisualStudioVersion = 15.0.28307.1267
MinimumVisualStudioVersion = 10.0.40219.1
Project("{8BC9CEB8-8B4A-11D0-8D11-00A0C91BC942}") = "SVG_Loader", "SVG_Loader\SVG_Loader.vcxproj", "{8F0C5ACA-3EBE-403B-8926-A2B25BDBFDC2}"
EndProject
Global
	GlobalSection(SolutionConfigurationPlatforms) = preSolution
		Debug|x64 = Debug|x64
		Debug|x86 = Debug|x86
		Release|x64 = Release|x64
		Release|x86 = Release|x86
	EndGlobalSection
	GlobalSection(ProjectConfigurationPlatforms) = postSolution
		{8F0C5ACA-3EBE-403B-8926-A2B25BDBFDC2}.Debug|x64.ActiveCfg = Debug|x64
		{8F0C5ACA-3EBE-403B-8926-A2B25BDBFDC2}.Debug|x64.Build.0 = Debug|x64
		{8F0C5ACA-3EBE-403B-8926-A2B25BDBFDC2}.Debug|x86.ActiveCfg = Debug|Win32
		{8F0C5ACA-3EBE-403B-8926-A2B25BDBFDC2}.Debug|x86.Build.0 = Debug|Win32
		{8F0C5ACA-3EBE-403B-8926-A2B25BDBFDC2}.Release|x64.ActiveCfg = Release|x64
		{8F0C5ACA-3EBE-403B-8926-A2B25BDBFDC2}.Release|x64.Build.0 = Release|x64
		{8F0C5ACA-3EBE-403B-8926-A2B25BDBFDC2}.Release|x86.ActiveCfg = Release|Win32
		{8F0C5ACA-3EBE-403B-8926-A2B25BDBFDC2}.Release|x86.Build.0 = Release|Win32
	EndGlobalSection
	GlobalSection(SolutionProperties) = preSolution
		HideSolutionNode = FALSE
	EndGlobalSection
	GlobalSection(ExtensibilityGlobals) = postSolution
		SolutionGuid = {21972E65-2B9F-4DE7-9336-9274D8A74F1C}
	EndGlobalSection
EndGlobal
